
Microsoft Visual Studio Solution File, Format Version 12.00
# Visual Studio Version 16
VisualStudioVersion = 25.0.1700.0
MinimumVisualStudioVersion = 10.0.40219.1
Project("{FAE04EC0-301F-11D3-BF4B-00C04F79EFBC}") = "Ether", "Ether.csproj", "{2560D994-0693-426B-8CD1-CDFDEF82E237}"
EndProject
Global
	GlobalSection(SolutionConfigurationPlatforms) = preSolution
		Debug|Any CPU = Debug|Any CPU
		Release|Any CPU = Release|Any CPU
	EndGlobalSection
	GlobalSection(ProjectConfigurationPlatforms) = postSolution
		{2560D994-0693-426B-8CD1-CDFDEF82E237}.Debug|Any CPU.ActiveCfg = Debug|Any CPU
		{2560D994-0693-426B-8CD1-CDFDEF82E237}.Debug|Any CPU.Build.0 = Debug|Any CPU
		{2560D994-0693-426B-8CD1-CDFDEF82E237}.Release|Any CPU.ActiveCfg = Release|Any CPU
		{2560D994-0693-426B-8CD1-CDFDEF82E237}.Release|Any CPU.Build.0 = Release|Any CPU
	EndGlobalSection
	GlobalSection(SolutionProperties) = preSolution
		HideSolutionNode = FALSE
	EndGlobalSection
	GlobalSection(ExtensibilityGlobals) = postSolution
		SolutionGuid = {F4016382-D6CD-4EBC-9A75-25FB14BA528A}
	EndGlobalSection
EndGlobal
